{
  "name": "altchunk",
  "version": "1.0.0",
  "lockfileVersion": 1,
  "requires": true,
  "dependencies": {
    "@xmldom/xmldom": {
      "version": "0.8.3",
      "resolved": "https://registry.npmjs.org/@xmldom/xmldom/-/xmldom-0.8.3.tgz",
      "integrity": "sha512-Lv2vySXypg4nfa51LY1nU8yDAGo/5YwF+EY/rUZgIbfvwVARcd67ttCM8SMsTeJy51YhHYavEq+FS6R0hW9PFQ=="
    },
    "docxtemplater": {
      "version": "3.31.4",
      "resolved": "https://registry.npmjs.org/docxtemplater/-/docxtemplater-3.31.4.tgz",
      "integrity": "sha512-b82kJs8tWJCK9NF6HuqXFLCkHKCABC7PGJIG8gbr3EcJexl+iAfKqd/5j1BiTKjGWJdM8Y37l7F15FvRSgUEFw==",
      "requires": {
        "@xmldom/xmldom": "^0.8.2"
      }
    },
    "jszip": {
      "version": "2.6.1",
      "resolved": "https://registry.npmjs.org/jszip/-/jszip-2.6.1.tgz",
      "integrity": "sha1-uI86ey5noqBIFSmCx6N1bZxIKPA=",
      "requires": {
        "pako": "~1.0.2"
      }
    },
    "pako": {
      "version": "1.0.7",
      "resolved": "https://registry.npmjs.org/pako/-/pako-1.0.7.tgz",
      "integrity": "sha512-3HNK5tW4x8o5mO8RuHZp3Ydw9icZXx0RANAOMzlMzx7LVXhMJ4mo3MOBpzyd7r/+RUu8BmndP47LXT+vzjtWcQ=="
    },
    "sax": {
      "version": "1.2.4",
      "resolved": "https://registry.npmjs.org/sax/-/sax-1.2.4.tgz",
      "integrity": "sha512-NqVDv9TpANUjFm0N8uM5GxL36UgKi9/atZw+x7YFnQ8ckwFGKrl4xX4yWtrey3UJm5nP1kUbnYgLopqWNSRhWw=="
    },
    "xml-js": {
      "version": "1.6.8",
      "resolved": "https://registry.npmjs.org/xml-js/-/xml-js-1.6.8.tgz",
      "integrity": "sha512-kUv/geyN80d+s1T68uBfjoz+PjNUjwwf5AWWRwKRqqQaGozpMVsFsKYnenPsxlbN/VL7f0ia8NfLLPCDwX+95Q==",
      "requires": {
        "sax": "^1.2.4"
      }
    }
  }
}
